
Microsoft Visual Studio Solution File, Format Version 12.00
# Visual Studio Version 17
VisualStudioVersion = 17.5.002.0
MinimumVisualStudioVersion = 10.0.40219.1
Project("{9A19103F-16F7-4668-BE54-9A1E7A4F7556}") = "TMProject", "TMProject.csproj", "{325D49EA-CA8C-4162-A01C-12203801972D}"
EndProject
Global
	GlobalSection(SolutionConfigurationPlatforms) = preSolution
		Debug|Any CPU = Debug|Any CPU
		Release|Any CPU = Release|Any CPU
	EndGlobalSection
	GlobalSection(ProjectConfigurationPlatforms) = postSolution
		{325D49EA-CA8C-4162-A01C-12203801972D}.Debug|Any CPU.ActiveCfg = Debug|Any CPU
		{325D49EA-CA8C-4162-A01C-12203801972D}.Debug|Any CPU.Build.0 = Debug|Any CPU
		{325D49EA-CA8C-4162-A01C-12203801972D}.Release|Any CPU.ActiveCfg = Release|Any CPU
		{325D49EA-CA8C-4162-A01C-12203801972D}.Release|Any CPU.Build.0 = Release|Any CPU
	EndGlobalSection
	GlobalSection(SolutionProperties) = preSolution
		HideSolutionNode = FALSE
	EndGlobalSection
	GlobalSection(ExtensibilityGlobals) = postSolution
		SolutionGuid = {054B1C35-A8E4-41CC-B066-3205DA1B4EE6}
	EndGlobalSection
EndGlobal
